
Microsoft Visual Studio Solution File, Format Version 12.00
# Visual Studio Version 17
VisualStudioVersion = 17.2.32616.157
MinimumVisualStudioVersion = 10.0.40219.1
Project("{FAE04EC0-301F-11D3-BF4B-00C04F79EFBC}") = "parser", "parser\parser.csproj", "{B8AC1159-5339-460B-A95A-4F511CAA10F8}"
EndProject
Global
	GlobalSection(SolutionConfigurationPlatforms) = preSolution
		Debug|Any CPU = Debug|Any CPU
		Release|Any CPU = Release|Any CPU
	EndGlobalSection
	GlobalSection(ProjectConfigurationPlatforms) = postSolution
		{B8AC1159-5339-460B-A95A-4F511CAA10F8}.Debug|Any CPU.ActiveCfg = Debug|Any CPU
		{B8AC1159-5339-460B-A95A-4F511CAA10F8}.Debug|Any CPU.Build.0 = Debug|Any CPU
		{B8AC1159-5339-460B-A95A-4F511CAA10F8}.Release|Any CPU.ActiveCfg = Release|Any CPU
		{B8AC1159-5339-460B-A95A-4F511CAA10F8}.Release|Any CPU.Build.0 = Release|Any CPU
	EndGlobalSection
	GlobalSection(SolutionProperties) = preSolution
		HideSolutionNode = FALSE
	EndGlobalSection
	GlobalSection(ExtensibilityGlobals) = postSolution
		SolutionGuid = {50B7D026-25FB-49E2-8C18-EECC27DECDD1}
	EndGlobalSection
EndGlobal
