
Microsoft Visual Studio Solution File, Format Version 12.00
# Visual Studio Version 17
VisualStudioVersion = 17.2.32616.157
MinimumVisualStudioVersion = 10.0.40219.1
Project("{FAE04EC0-301F-11D3-BF4B-00C04F79EFBC}") = "ConsoleApp1", "ConsoleApp1\ConsoleApp1.csproj", "{C16DF2B9-045D-4986-8789-136E1B3C92A7}"
EndProject
Global
	GlobalSection(SolutionConfigurationPlatforms) = preSolution
		Debug|Any CPU = Debug|Any CPU
		Release|Any CPU = Release|Any CPU
	EndGlobalSection
	GlobalSection(ProjectConfigurationPlatforms) = postSolution
		{C16DF2B9-045D-4986-8789-136E1B3C92A7}.Debug|Any CPU.ActiveCfg = Debug|Any CPU
		{C16DF2B9-045D-4986-8789-136E1B3C92A7}.Debug|Any CPU.Build.0 = Debug|Any CPU
		{C16DF2B9-045D-4986-8789-136E1B3C92A7}.Release|Any CPU.ActiveCfg = Release|Any CPU
		{C16DF2B9-045D-4986-8789-136E1B3C92A7}.Release|Any CPU.Build.0 = Release|Any CPU
	EndGlobalSection
	GlobalSection(SolutionProperties) = preSolution
		HideSolutionNode = FALSE
	EndGlobalSection
	GlobalSection(ExtensibilityGlobals) = postSolution
		SolutionGuid = {E2D4D805-7D56-40ED-BD3F-05B76ACE5960}
	EndGlobalSection
EndGlobal
