
Microsoft Visual Studio Solution File, Format Version 12.00
# Visual Studio Version 17
VisualStudioVersion = 17.2.32616.157
MinimumVisualStudioVersion = 10.0.40219.1
Project("{FAE04EC0-301F-11D3-BF4B-00C04F79EFBC}") = "Task 3 double array", "Task 3 double array\Task 3 double array.csproj", "{BFDCBE5E-9C9A-4276-A7A3-831E22BF1C22}"
EndProject
Global
	GlobalSection(SolutionConfigurationPlatforms) = preSolution
		Debug|Any CPU = Debug|Any CPU
		Release|Any CPU = Release|Any CPU
	EndGlobalSection
	GlobalSection(ProjectConfigurationPlatforms) = postSolution
		{BFDCBE5E-9C9A-4276-A7A3-831E22BF1C22}.Debug|Any CPU.ActiveCfg = Debug|Any CPU
		{BFDCBE5E-9C9A-4276-A7A3-831E22BF1C22}.Debug|Any CPU.Build.0 = Debug|Any CPU
		{BFDCBE5E-9C9A-4276-A7A3-831E22BF1C22}.Release|Any CPU.ActiveCfg = Release|Any CPU
		{BFDCBE5E-9C9A-4276-A7A3-831E22BF1C22}.Release|Any CPU.Build.0 = Release|Any CPU
	EndGlobalSection
	GlobalSection(SolutionProperties) = preSolution
		HideSolutionNode = FALSE
	EndGlobalSection
	GlobalSection(ExtensibilityGlobals) = postSolution
		SolutionGuid = {A48983DD-E9D1-4E6F-9DB9-A2C462A03935}
	EndGlobalSection
EndGlobal
